
Microsoft Visual Studio Solution File, Format Version 12.00
# Visual Studio Version 17
VisualStudioVersion = 17.9.34728.123
MinimumVisualStudioVersion = 10.0.40219.1
Project("{FAE04EC0-301F-11D3-BF4B-00C04F79EFBC}") = "BuilderPlayer_C#", "BuilderPlayer_C#\BuilderPlayer_C#.csproj", "{9DEE90D1-0ED7-4B8A-A8A6-5952AAF13B87}"
EndProject
Project("{FAE04EC0-301F-11D3-BF4B-00C04F79EFBC}") = "Weapon", "Weapon\Weapon.csproj", "{949199ED-181C-449B-B120-066DE9B48CC9}"
EndProject
Project("{FAE04EC0-301F-11D3-BF4B-00C04F79EFBC}") = "PlayerClass", "PlayerClass\PlayerClass.csproj", "{95CFF529-C9D7-458B-8CCA-90018F145C0B}"
EndProject
Project("{FAE04EC0-301F-11D3-BF4B-00C04F79EFBC}") = "Builder", "Builder\Builder.csproj", "{18645CE4-CEDA-4E4D-B429-F613E635208D}"
EndProject
Project("{FAE04EC0-301F-11D3-BF4B-00C04F79EFBC}") = "DirectorClass", "DirectorClass\DirectorClass.csproj", "{993BBCD4-7F22-41DF-B460-A22A9852DCEF}"
EndProject
Global
	GlobalSection(SolutionConfigurationPlatforms) = preSolution
		Debug|Any CPU = Debug|Any CPU
		Release|Any CPU = Release|Any CPU
	EndGlobalSection
	GlobalSection(ProjectConfigurationPlatforms) = postSolution
		{9DEE90D1-0ED7-4B8A-A8A6-5952AAF13B87}.Debug|Any CPU.ActiveCfg = Debug|Any CPU
		{9DEE90D1-0ED7-4B8A-A8A6-5952AAF13B87}.Debug|Any CPU.Build.0 = Debug|Any CPU
		{9DEE90D1-0ED7-4B8A-A8A6-5952AAF13B87}.Release|Any CPU.ActiveCfg = Release|Any CPU
		{9DEE90D1-0ED7-4B8A-A8A6-5952AAF13B87}.Release|Any CPU.Build.0 = Release|Any CPU
		{949199ED-181C-449B-B120-066DE9B48CC9}.Debug|Any CPU.ActiveCfg = Debug|Any CPU
		{949199ED-181C-449B-B120-066DE9B48CC9}.Debug|Any CPU.Build.0 = Debug|Any CPU
		{949199ED-181C-449B-B120-066DE9B48CC9}.Release|Any CPU.ActiveCfg = Release|Any CPU
		{949199ED-181C-449B-B120-066DE9B48CC9}.Release|Any CPU.Build.0 = Release|Any CPU
		{95CFF529-C9D7-458B-8CCA-90018F145C0B}.Debug|Any CPU.ActiveCfg = Debug|Any CPU
		{95CFF529-C9D7-458B-8CCA-90018F145C0B}.Debug|Any CPU.Build.0 = Debug|Any CPU
		{95CFF529-C9D7-458B-8CCA-90018F145C0B}.Release|Any CPU.ActiveCfg = Release|Any CPU
		{95CFF529-C9D7-458B-8CCA-90018F145C0B}.Release|Any CPU.Build.0 = Release|Any CPU
		{18645CE4-CEDA-4E4D-B429-F613E635208D}.Debug|Any CPU.ActiveCfg = Debug|Any CPU
		{18645CE4-CEDA-4E4D-B429-F613E635208D}.Debug|Any CPU.Build.0 = Debug|Any CPU
		{18645CE4-CEDA-4E4D-B429-F613E635208D}.Release|Any CPU.ActiveCfg = Release|Any CPU
		{18645CE4-CEDA-4E4D-B429-F613E635208D}.Release|Any CPU.Build.0 = Release|Any CPU
		{993BBCD4-7F22-41DF-B460-A22A9852DCEF}.Debug|Any CPU.ActiveCfg = Debug|Any CPU
		{993BBCD4-7F22-41DF-B460-A22A9852DCEF}.Debug|Any CPU.Build.0 = Debug|Any CPU
		{993BBCD4-7F22-41DF-B460-A22A9852DCEF}.Release|Any CPU.ActiveCfg = Release|Any CPU
		{993BBCD4-7F22-41DF-B460-A22A9852DCEF}.Release|Any CPU.Build.0 = Release|Any CPU
	EndGlobalSection
	GlobalSection(SolutionProperties) = preSolution
		HideSolutionNode = FALSE
	EndGlobalSection
	GlobalSection(ExtensibilityGlobals) = postSolution
		SolutionGuid = {77395E8C-AF44-4A38-AC8E-82E14158895C}
	EndGlobalSection
EndGlobal
